{
  "requires": true,
  "lockfileVersion": 1,
  "dependencies": {
    "tui-code-snippet": {
      "version": "1.2.9",
      "resolved": "https://registry.npmjs.org/tui-code-snippet/-/tui-code-snippet-1.2.9.tgz",
      "integrity": "sha512-hCNeB81R3dlnbojYhcfu3Z8binnarFanbJiS3hFkORt5FiEqHfQ1YL82xyQLby5IUaykZJAdCY7l+6hJxwfVSw=="
    },
    "tui-color-picker": {
      "version": "2.0.1",
      "resolved": "https://registry.npmjs.org/tui-color-picker/-/tui-color-picker-2.0.1.tgz",
      "integrity": "sha1-PKyIIwBliyYEr+oPysLm2bJp6vg=",
      "requires": {
        "tui-code-snippet": "1.2.9"
      }
    }
  }
}
